// !$*UTF8*$!
{
	archiveVersion = 1;
	classes = {
	};
	objectVersion = 50;
	objects = {

/* Begin PBXBuildFile section */
		6D64354E23F25CF500BF3DE3 /* ResultViewController.swift in Sources */ = {isa = PBXBuildFile; fileRef = 6D64354D23F25CF500BF3DE3 /* ResultViewController.swift */; };
		6DA1137023F17D450038AFC1 /* AppDelegate.swift in Sources */ = {isa = PBXBuildFile; fileRef = 6DA1136F23F17D450038AFC1 /* AppDelegate.swift */; };
		6DA1137223F17D450038AFC1 /* SceneDelegate.swift in Sources */ = {isa = PBXBuildFile; fileRef = 6DA1137123F17D450038AFC1 /* SceneDelegate.swift */; };
		6DA1137423F17D450038AFC1 /* ViewController.swift in Sources */ = {isa = PBXBuildFile; fileRef = 6DA1137323F17D450038AFC1 /* ViewController.swift */; };
		6DA1137723F17D450038AFC1 /* Main.storyboard in Resources */ = {isa = PBXBuildFile; fileRef = 6DA1137523F17D450038AFC1 /* Main.storyboard */; };
		6DA1137923F17D4A0038AFC1 /* Assets.xcassets in Resources */ = {isa = PBXBuildFile; fileRef = 6DA1137823F17D4A0038AFC1 /* Assets.xcassets */; };
		6DA1137C23F17D4A0038AFC1 /* LaunchScreen.storyboard in Resources */ = {isa = PBXBuildFile; fileRef = 6DA1137A23F17D4A0038AFC1 /* LaunchScreen.storyboard */; };
		6DA1138523F17D7F0038AFC1 /* Test.swift in Sources */ = {isa = PBXBuildFile; fileRef = 6DA1138423F17D7F0038AFC1 /* Test.swift */; };
		6DA1138723F17D880038AFC1 /* Question.swift in Sources */ = {isa = PBXBuildFile; fileRef = 6DA1138623F17D880038AFC1 /* Question.swift */; };
		6DA1138923F17D910038AFC1 /* Answer.swift in Sources */ = {isa = PBXBuildFile; fileRef = 6DA1138823F17D910038AFC1 /* Answer.swift */; };
		6DA1138B23F17E330038AFC1 /* Fake.swift in Sources */ = {isa = PBXBuildFile; fileRef = 6DA1138A23F17E330038AFC1 /* Fake.swift */; };
		6DA1138E23F185CE0038AFC1 /* TopicCollectionViewCell.swift in Sources */ = {isa = PBXBuildFile; fileRef = 6DA1138D23F185CE0038AFC1 /* TopicCollectionViewCell.swift */; };
		6DA1139123F18D060038AFC1 /* QuestionViewController.swift in Sources */ = {isa = PBXBuildFile; fileRef = 6DA1139023F18D060038AFC1 /* QuestionViewController.swift */; };
		6DDFA94023F190B90042C834 /* AnswerTableViewCell.swift in Sources */ = {isa = PBXBuildFile; fileRef = 6DDFA93F23F190B90042C834 /* AnswerTableViewCell.swift */; };
/* End PBXBuildFile section */

/* Begin PBXFileReference section */
		6D64354D23F25CF500BF3DE3 /* ResultViewController.swift */ = {isa = PBXFileReference; lastKnownFileType = sourcecode.swift; path = ResultViewController.swift; sourceTree = "<group>"; };
		6DA1136C23F17D450038AFC1 /* QuickQuiz.app */ = {isa = PBXFileReference; explicitFileType = wrapper.application; includeInIndex = 0; path = QuickQuiz.app; sourceTree = BUILT_PRODUCTS_DIR; };
		6DA1136F23F17D450038AFC1 /* AppDelegate.swift */ = {isa = PBXFileReference; lastKnownFileType = sourcecode.swift; path = AppDelegate.swift; sourceTree = "<group>"; };
		6DA1137123F17D450038AFC1 /* SceneDelegate.swift */ = {isa = PBXFileReference; lastKnownFileType = sourcecode.swift; path = SceneDelegate.swift; sourceTree = "<group>"; };
		6DA1137323F17D450038AFC1 /* ViewController.swift */ = {isa = PBXFileReference; lastKnownFileType = sourcecode.swift; path = ViewController.swift; sourceTree = "<group>"; };
		6DA1137623F17D450038AFC1 /* Base */ = {isa = PBXFileReference; lastKnownFileType = file.storyboard; name = Base; path = Base.lproj/Main.storyboard; sourceTree = "<group>"; };
		6DA1137823F17D4A0038AFC1 /* Assets.xcassets */ = {isa = PBXFileReference; lastKnownFileType = folder.assetcatalog; path = Assets.xcassets; sourceTree = "<group>"; };
		6DA1137B23F17D4A0038AFC1 /* Base */ = {isa = PBXFileReference; lastKnownFileType = file.storyboard; name = Base; path = Base.lproj/LaunchScreen.storyboard; sourceTree = "<group>"; };
		6DA1137D23F17D4A0038AFC1 /* Info.plist */ = {isa = PBXFileReference; lastKnownFileType = text.plist.xml; path = Info.plist; sourceTree = "<group>"; };
		6DA1138423F17D7F0038AFC1 /* Test.swift */ = {isa = PBXFileReference; lastKnownFileType = sourcecode.swift; path = Test.swift; sourceTree = "<group>"; };
		6DA1138623F17D880038AFC1 /* Question.swift */ = {isa = PBXFileReference; lastKnownFileType = sourcecode.swift; path = Question.swift; sourceTree = "<group>"; };
		6DA1138823F17D910038AFC1 /* Answer.swift */ = {isa = PBXFileReference; lastKnownFileType = sourcecode.swift; path = Answer.swift; sourceTree = "<group>"; };
		6DA1138A23F17E330038AFC1 /* Fake.swift */ = {isa = PBXFileReference; lastKnownFileType = sourcecode.swift; path = Fake.swift; sourceTree = "<group>"; };
		6DA1138D23F185CE0038AFC1 /* TopicCollectionViewCell.swift */ = {isa = PBXFileReference; lastKnownFileType = sourcecode.swift; path = TopicCollectionViewCell.swift; sourceTree = "<group>"; };
		6DA1139023F18D060038AFC1 /* QuestionViewController.swift */ = {isa = PBXFileReference; lastKnownFileType = sourcecode.swift; path = QuestionViewController.swift; sourceTree = "<group>"; };
		6DDFA93F23F190B90042C834 /* AnswerTableViewCell.swift */ = {isa = PBXFileReference; lastKnownFileType = sourcecode.swift; path = AnswerTableViewCell.swift; sourceTree = "<group>"; };
/* End PBXFileReference section */

/* Begin PBXFrameworksBuildPhase section */
		6DA1136923F17D450038AFC1 /* Frameworks */ = {
			isa = PBXFrameworksBuildPhase;
			buildActionMask = 2147483647;
			files = (
			);
			runOnlyForDeploymentPostprocessing = 0;
		};
/* End PBXFrameworksBuildPhase section */

/* Begin PBXGroup section */
		6DA1136323F17D450038AFC1 = {
			isa = PBXGroup;
			children = (
				6DA1136E23F17D450038AFC1 /* QuickQuiz */,
				6DA1136D23F17D450038AFC1 /* Products */,
			);
			sourceTree = "<group>";
		};
		6DA1136D23F17D450038AFC1 /* Products */ = {
			isa = PBXGroup;
			children = (
				6DA1136C23F17D450038AFC1 /* QuickQuiz.app */,
			);
			name = Products;
			sourceTree = "<group>";
		};
		6DA1136E23F17D450038AFC1 /* QuickQuiz */ = {
			isa = PBXGroup;
			children = (
				6DA1138F23F18CD50038AFC1 /* ViewController */,
				6DA1138C23F185AB0038AFC1 /* Views */,
				6DA1136F23F17D450038AFC1 /* AppDelegate.swift */,
				6DA1138323F17D6F0038AFC1 /* Models */,
				6DA1137123F17D450038AFC1 /* SceneDelegate.swift */,
				6DA1137523F17D450038AFC1 /* Main.storyboard */,
				6DA1137823F17D4A0038AFC1 /* Assets.xcassets */,
				6DA1137A23F17D4A0038AFC1 /* LaunchScreen.storyboard */,
				6DA1137D23F17D4A0038AFC1 /* Info.plist */,
			);
			path = QuickQuiz;
			sourceTree = "<group>";
		};
		6DA1138323F17D6F0038AFC1 /* Models */ = {
			isa = PBXGroup;
			children = (
				6DA1138423F17D7F0038AFC1 /* Test.swift */,
				6DA1138623F17D880038AFC1 /* Question.swift */,
				6DA1138823F17D910038AFC1 /* Answer.swift */,
				6DA1138A23F17E330038AFC1 /* Fake.swift */,
			);
			path = Models;
			sourceTree = "<group>";
		};
		6DA1138C23F185AB0038AFC1 /* Views */ = {
			isa = PBXGroup;
			children = (
				6DA1138D23F185CE0038AFC1 /* TopicCollectionViewCell.swift */,
				6DDFA93F23F190B90042C834 /* AnswerTableViewCell.swift */,
			);
			path = Views;
			sourceTree = "<group>";
		};
		6DA1138F23F18CD50038AFC1 /* ViewController */ = {
			isa = PBXGroup;
			children = (
				6DA1137323F17D450038AFC1 /* ViewController.swift */,
				6DA1139023F18D060038AFC1 /* QuestionViewController.swift */,
				6D64354D23F25CF500BF3DE3 /* ResultViewController.swift */,
			);
			path = ViewController;
			sourceTree = "<group>";
		};
/* End PBXGroup section */

/* Begin PBXNativeTarget section */
		6DA1136B23F17D450038AFC1 /* QuickQuiz */ = {
			isa = PBXNativeTarget;
			buildConfigurationList = 6DA1138023F17D4A0038AFC1 /* Build configuration list for PBXNativeTarget "QuickQuiz" */;
			buildPhases = (
				6DA1136823F17D450038AFC1 /* Sources */,
				6DA1136923F17D450038AFC1 /* Frameworks */,
				6DA1136A23F17D450038AFC1 /* Resources */,
			);
			buildRules = (
			);
			dependencies = (
			);
			name = QuickQuiz;
			productName = QuickQuiz;
			productReference = 6DA1136C23F17D450038AFC1 /* QuickQuiz.app */;
			productType = "com.apple.product-type.application";
		};
/* End PBXNativeTarget section */

/* Begin PBXProject section */
		6DA1136423F17D450038AFC1 /* Project object */ = {
			isa = PBXProject;
			attributes = {
				LastSwiftUpdateCheck = 1130;
				LastUpgradeCheck = 1130;
				ORGANIZATIONNAME = "Hoang Tung";
				TargetAttributes = {
					6DA1136B23F17D450038AFC1 = {
						CreatedOnToolsVersion = 11.3.1;
					};
				};
			};
			buildConfigurationList = 6DA1136723F17D450038AFC1 /* Build configuration list for PBXProject "QuickQuiz" */;
			compatibilityVersion = "Xcode 9.3";
			developmentRegion = en;
			hasScannedForEncodings = 0;
			knownRegions = (
				en,
				Base,
			);
			mainGroup = 6DA1136323F17D450038AFC1;
			productRefGroup = 6DA1136D23F17D450038AFC1 /* Products */;
			projectDirPath = "";
			projectRoot = "";
			targets = (
				6DA1136B23F17D450038AFC1 /* QuickQuiz */,
			);
		};
/* End PBXProject section */

/* Begin PBXResourcesBuildPhase section */
		6DA1136A23F17D450038AFC1 /* Resources */ = {
			isa = PBXResourcesBuildPhase;
			buildActionMask = 2147483647;
			files = (
				6DA1137C23F17D4A0038AFC1 /* LaunchScreen.storyboard in Resources */,
				6DA1137923F17D4A0038AFC1 /* Assets.xcassets in Resources */,
				6DA1137723F17D450038AFC1 /* Main.storyboard in Resources */,
			);
			runOnlyForDeploymentPostprocessing = 0;
		};
/* End PBXResourcesBuildPhase section */

/* Begin PBXSourcesBuildPhase section */
		6DA1136823F17D450038AFC1 /* Sources */ = {
			isa = PBXSourcesBuildPhase;
			buildActionMask = 2147483647;
			files = (
				6DA1138723F17D880038AFC1 /* Question.swift in Sources */,
				6DA1137423F17D450038AFC1 /* ViewController.swift in Sources */,
				6DDFA94023F190B90042C834 /* AnswerTableViewCell.swift in Sources */,
				6DA1138523F17D7F0038AFC1 /* Test.swift in Sources */,
				6DA1138923F17D910038AFC1 /* Answer.swift in Sources */,
				6DA1138E23F185CE0038AFC1 /* TopicCollectionViewCell.swift in Sources */,
				6DA1138B23F17E330038AFC1 /* Fake.swift in Sources */,
				6DA1137023F17D450038AFC1 /* AppDelegate.swift in Sources */,
				6DA1137223F17D450038AFC1 /* SceneDelegate.swift in Sources */,
				6DA1139123F18D060038AFC1 /* QuestionViewController.swift in Sources */,
				6D64354E23F25CF500BF3DE3 /* ResultViewController.swift in Sources */,
			);
			runOnlyForDeploymentPostprocessing = 0;
		};
/* End PBXSourcesBuildPhase section */

/* Begin PBXVariantGroup section */
		6DA1137523F17D450038AFC1 /* Main.storyboard */ = {
			isa = PBXVariantGroup;
			children = (
				6DA1137623F17D450038AFC1 /* Base */,
			);
			name = Main.storyboard;
			sourceTree = "<group>";
		};
		6DA1137A23F17D4A0038AFC1 /* LaunchScreen.storyboard */ = {
			isa = PBXVariantGroup;
			children = (
				6DA1137B23F17D4A0038AFC1 /* Base */,
			);
			name = LaunchScreen.storyboard;
			sourceTree = "<group>";
		};
/* End PBXVariantGroup section */

/* Begin XCBuildConfiguration section */
		6DA1137E23F17D4A0038AFC1 /* Debug */ = {
			isa = XCBuildConfiguration;
			buildSettings = {
				ALWAYS_SEARCH_USER_PATHS = NO;
				CLANG_ANALYZER_NONNULL = YES;
				CLANG_ANALYZER_NUMBER_OBJECT_CONVERSION = YES_AGGRESSIVE;
				CLANG_CXX_LANGUAGE_STANDARD = "gnu++14";
				CLANG_CXX_LIBRARY = "libc++";
				CLANG_ENABLE_MODULES = YES;
				CLANG_ENABLE_OBJC_ARC = YES;
				CLANG_ENABLE_OBJC_WEAK = YES;
				CLANG_WARN_BLOCK_CAPTURE_AUTORELEASING = YES;
				CLANG_WARN_BOOL_CONVERSION = YES;
				CLANG_WARN_COMMA = YES;
				CLANG_WARN_CONSTANT_CONVERSION = YES;
				CLANG_WARN_DEPRECATED_OBJC_IMPLEMENTATIONS = YES;
				CLANG_WARN_DIRECT_OBJC_ISA_USAGE = YES_ERROR;
				CLANG_WARN_DOCUMENTATION_COMMENTS = YES;
				CLANG_WARN_EMPTY_BODY = YES;
				CLANG_WARN_ENUM_CONVERSION = YES;
				CLANG_WARN_INFINITE_RECURSION = YES;
				CLANG_WARN_INT_CONVERSION = YES;
				CLANG_WARN_NON_LITERAL_NULL_CONVERSION = YES;
				CLANG_WARN_OBJC_IMPLICIT_RETAIN_SELF = YES;
				CLANG_WARN_OBJC_LITERAL_CONVERSION = YES;
				CLANG_WARN_OBJC_ROOT_CLASS = YES_ERROR;
				CLANG_WARN_RANGE_LOOP_ANALYSIS = YES;
				CLANG_WARN_STRICT_PROTOTYPES = YES;
				CLANG_WARN_SUSPICIOUS_MOVE = YES;
				CLANG_WARN_UNGUARDED_AVAILABILITY = YES_AGGRESSIVE;
				CLANG_WARN_UNREACHABLE_CODE = YES;
				CLANG_WARN__DUPLICATE_METHOD_MATCH = YES;
				COPY_PHASE_STRIP = NO;
				DEBUG_INFORMATION_FORMAT = dwarf;
				ENABLE_STRICT_OBJC_MSGSEND = YES;
				ENABLE_TESTABILITY = YES;
				GCC_C_LANGUAGE_STANDARD = gnu11;
				GCC_DYNAMIC_NO_PIC = NO;
				GCC_NO_COMMON_BLOCKS = YES;
				GCC_OPTIMIZATION_LEVEL = 0;
				GCC_PREPROCESSOR_DEFINITIONS = (
					"DEBUG=1",
					"$(inherited)",
				);
				GCC_WARN_64_TO_32_BIT_CONVERSION = YES;
				GCC_WARN_ABOUT_RETURN_TYPE = YES_ERROR;
				GCC_WARN_UNDECLARED_SELECTOR = YES;
				GCC_WARN_UNINITIALIZED_AUTOS = YES_AGGRESSIVE;
				GCC_WARN_UNUSED_FUNCTION = YES;
				GCC_WARN_UNUSED_VARIABLE = YES;
				IPHONEOS_DEPLOYMENT_TARGET = 13.2;
				MTL_ENABLE_DEBUG_INFO = INCLUDE_SOURCE;
				MTL_FAST_MATH = YES;
				ONLY_ACTIVE_ARCH = YES;
				SDKROOT = iphoneos;
				SWIFT_ACTIVE_COMPILATION_CONDITIONS = DEBUG;
				SWIFT_OPTIMIZATION_LEVEL = "-Onone";
			};
			name = Debug;
		};
		6DA1137F23F17D4A0038AFC1 /* Release */ = {
			isa = XCBuildConfiguration;
			buildSettings = {
				ALWAYS_SEARCH_USER_PATHS = NO;
				CLANG_ANALYZER_NONNULL = YES;
				CLANG_ANALYZER_NUMBER_OBJECT_CONVERSION = YES_AGGRESSIVE;
				CLANG_CXX_LANGUAGE_STANDARD = "gnu++14";
				CLANG_CXX_LIBRARY = "libc++";
				CLANG_ENABLE_MODULES = YES;
				CLANG_ENABLE_OBJC_ARC = YES;
				CLANG_ENABLE_OBJC_WEAK = YES;
				CLANG_WARN_BLOCK_CAPTURE_AUTORELEASING = YES;
				CLANG_WARN_BOOL_CONVERSION = YES;
				CLANG_WARN_COMMA = YES;
				CLANG_WARN_CONSTANT_CONVERSION = YES;
				CLANG_WARN_DEPRECATED_OBJC_IMPLEMENTATIONS = YES;
				CLANG_WARN_DIRECT_OBJC_ISA_USAGE = YES_ERROR;
				CLANG_WARN_DOCUMENTATION_COMMENTS = YES;
				CLANG_WARN_EMPTY_BODY = YES;
				CLANG_WARN_ENUM_CONVERSION = YES;
				CLANG_WARN_INFINITE_RECURSION = YES;
				CLANG_WARN_INT_CONVERSION = YES;
				CLANG_WARN_NON_LITERAL_NULL_CONVERSION = YES;
				CLANG_WARN_OBJC_IMPLICIT_RETAIN_SELF = YES;
				CLANG_WARN_OBJC_LITERAL_CONVERSION = YES;
				CLANG_WARN_OBJC_ROOT_CLASS = YES_ERROR;
				CLANG_WARN_RANGE_LOOP_ANALYSIS = YES;
				CLANG_WARN_STRICT_PROTOTYPES = YES;
				CLANG_WARN_SUSPICIOUS_MOVE = YES;
				CLANG_WARN_UNGUARDED_AVAILABILITY = YES_AGGRESSIVE;
				CLANG_WARN_UNREACHABLE_CODE = YES;
				CLANG_WARN__DUPLICATE_METHOD_MATCH = YES;
				COPY_PHASE_STRIP = NO;
				DEBUG_INFORMATION_FORMAT = "dwarf-with-dsym";
				ENABLE_NS_ASSERTIONS = NO;
				ENABLE_STRICT_OBJC_MSGSEND = YES;
				GCC_C_LANGUAGE_STANDARD = gnu11;
				GCC_NO_COMMON_BLOCKS = YES;
				GCC_WARN_64_TO_32_BIT_CONVERSION = YES;
				GCC_WARN_ABOUT_RETURN_TYPE = YES_ERROR;
				GCC_WARN_UNDECLARED_SELECTOR = YES;
				GCC_WARN_UNINITIALIZED_AUTOS = YES_AGGRESSIVE;
				GCC_WARN_UNUSED_FUNCTION = YES;
				GCC_WARN_UNUSED_VARIABLE = YES;
				IPHONEOS_DEPLOYMENT_TARGET = 13.2;
				MTL_ENABLE_DEBUG_INFO = NO;
				MTL_FAST_MATH = YES;
				SDKROOT = iphoneos;
				SWIFT_COMPILATION_MODE = wholemodule;
				SWIFT_OPTIMIZATION_LEVEL = "-O";
				VALIDATE_PRODUCT = YES;
			};
			name = Release;
		};
		6DA1138123F17D4A0038AFC1 /* Debug */ = {
			isa = XCBuildConfiguration;
			buildSettings = {
				ASSETCATALOG_COMPILER_APPICON_NAME = AppIcon;
				CODE_SIGN_STYLE = Automatic;
				DEVELOPMENT_TEAM = 448WS6UWDS;
				INFOPLIST_FILE = QuickQuiz/Info.plist;
				LD_RUNPATH_SEARCH_PATHS = (
					"$(inherited)",
					"@executable_path/Frameworks",
				);
				PRODUCT_BUNDLE_IDENTIFIER = tung.QuickQuiz;
				PRODUCT_NAME = "$(TARGET_NAME)";
				SWIFT_VERSION = 5.0;
				TARGETED_DEVICE_FAMILY = "1,2";
			};
			name = Debug;
		};
		6DA1138223F17D4A0038AFC1 /* Release */ = {
			isa = XCBuildConfiguration;
			buildSettings = {
				ASSETCATALOG_COMPILER_APPICON_NAME = AppIcon;
				CODE_SIGN_STYLE = Automatic;
				DEVELOPMENT_TEAM = 448WS6UWDS;
				INFOPLIST_FILE = QuickQuiz/Info.plist;
				LD_RUNPATH_SEARCH_PATHS = (
					"$(inherited)",
					"@executable_path/Frameworks",
				);
				PRODUCT_BUNDLE_IDENTIFIER = tung.QuickQuiz;
				PRODUCT_NAME = "$(TARGET_NAME)";
				SWIFT_VERSION = 5.0;
				TARGETED_DEVICE_FAMILY = "1,2";
			};
			name = Release;
		};
/* End XCBuildConfiguration section */

/* Begin XCConfigurationList section */
		6DA1136723F17D450038AFC1 /* Build configuration list for PBXProject "QuickQuiz" */ = {
			isa = XCConfigurationList;
			buildConfigurations = (
				6DA1137E23F17D4A0038AFC1 /* Debug */,
				6DA1137F23F17D4A0038AFC1 /* Release */,
			);
			defaultConfigurationIsVisible = 0;
			defaultConfigurationName = Release;
		};
		6DA1138023F17D4A0038AFC1 /* Build configuration list for PBXNativeTarget "QuickQuiz" */ = {
			isa = XCConfigurationList;
			buildConfigurations = (
				6DA1138123F17D4A0038AFC1 /* Debug */,
				6DA1138223F17D4A0038AFC1 /* Release */,
			);
			defaultConfigurationIsVisible = 0;
			defaultConfigurationName = Release;
		};
/* End XCConfigurationList section */
	};
	rootObject = 6DA1136423F17D450038AFC1 /* Project object */;
}
